
Microsoft Visual Studio Solution File, Format Version 12.00
# Visual Studio Version 17
VisualStudioVersion = 17.4.33213.308
MinimumVisualStudioVersion = 10.0.40219.1
Project("{9A19103F-16F7-4668-BE54-9A1E7A4F7556}") = "PAGE", "PAGE.csproj", "{416B20E8-8FCB-4E0D-B591-B361D0EFC049}"
EndProject
Global
	GlobalSection(SolutionConfigurationPlatforms) = preSolution
		Debug|Any CPU = Debug|Any CPU
		Release|Any CPU = Release|Any CPU
	EndGlobalSection
	GlobalSection(ProjectConfigurationPlatforms) = postSolution
		{416B20E8-8FCB-4E0D-B591-B361D0EFC049}.Debug|Any CPU.ActiveCfg = Debug|Any CPU
		{416B20E8-8FCB-4E0D-B591-B361D0EFC049}.Debug|Any CPU.Build.0 = Debug|Any CPU
		{416B20E8-8FCB-4E0D-B591-B361D0EFC049}.Release|Any CPU.ActiveCfg = Release|Any CPU
		{416B20E8-8FCB-4E0D-B591-B361D0EFC049}.Release|Any CPU.Build.0 = Release|Any CPU
	EndGlobalSection
	GlobalSection(SolutionProperties) = preSolution
		HideSolutionNode = FALSE
	EndGlobalSection
	GlobalSection(ExtensibilityGlobals) = postSolution
		SolutionGuid = {BE63FDB8-E8FF-4D34-9667-578E57BDB272}
	EndGlobalSection
EndGlobal
