
Microsoft Visual Studio Solution File, Format Version 12.00
# Visual Studio Version 17
VisualStudioVersion = 17.4.33213.308
MinimumVisualStudioVersion = 10.0.40219.1
Project("{9A19103F-16F7-4668-BE54-9A1E7A4F7556}") = "PAGE", "PAGE.csproj", "{416B20E8-8FCB-4E0D-B591-B361D0EFC049}"
EndProject
Project("{9A19103F-16F7-4668-BE54-9A1E7A4F7556}") = "APIEtudiant", "..\APIEtudiant\APIEtudiant.csproj", "{05E08F5E-A53B-41E3-8421-B3683C2D12F1}"
EndProject
Project("{9A19103F-16F7-4668-BE54-9A1E7A4F7556}") = "TestSQLite", "..\TestSQLite\TestSQLite.csproj", "{D06EB879-047C-48A4-8261-3BD1CCF29B16}"
EndProject
Project("{9A19103F-16F7-4668-BE54-9A1E7A4F7556}") = "TestAPI", "..\TestAPI\TestAPI.csproj", "{FDDE4411-1D86-4C20-B5D9-F05F7D6D1E8B}"
EndProject
Project("{FAE04EC0-301F-11D3-BF4B-00C04F79EFBC}") = "TestExelPAGE", "..\TestExelPAGE\TestExelPAGE.csproj", "{EF638358-53EB-47DE-9DAA-7B632AAE0E73}"
EndProject
Global
	GlobalSection(SolutionConfigurationPlatforms) = preSolution
		Debug|Any CPU = Debug|Any CPU
		Release|Any CPU = Release|Any CPU
	EndGlobalSection
	GlobalSection(ProjectConfigurationPlatforms) = postSolution
		{416B20E8-8FCB-4E0D-B591-B361D0EFC049}.Debug|Any CPU.ActiveCfg = Debug|Any CPU
		{416B20E8-8FCB-4E0D-B591-B361D0EFC049}.Debug|Any CPU.Build.0 = Debug|Any CPU
		{416B20E8-8FCB-4E0D-B591-B361D0EFC049}.Release|Any CPU.ActiveCfg = Release|Any CPU
		{416B20E8-8FCB-4E0D-B591-B361D0EFC049}.Release|Any CPU.Build.0 = Release|Any CPU
		{05E08F5E-A53B-41E3-8421-B3683C2D12F1}.Debug|Any CPU.ActiveCfg = Debug|Any CPU
		{05E08F5E-A53B-41E3-8421-B3683C2D12F1}.Debug|Any CPU.Build.0 = Debug|Any CPU
		{05E08F5E-A53B-41E3-8421-B3683C2D12F1}.Release|Any CPU.ActiveCfg = Release|Any CPU
		{05E08F5E-A53B-41E3-8421-B3683C2D12F1}.Release|Any CPU.Build.0 = Release|Any CPU
		{D06EB879-047C-48A4-8261-3BD1CCF29B16}.Debug|Any CPU.ActiveCfg = Debug|Any CPU
		{D06EB879-047C-48A4-8261-3BD1CCF29B16}.Debug|Any CPU.Build.0 = Debug|Any CPU
		{D06EB879-047C-48A4-8261-3BD1CCF29B16}.Release|Any CPU.ActiveCfg = Release|Any CPU
		{D06EB879-047C-48A4-8261-3BD1CCF29B16}.Release|Any CPU.Build.0 = Release|Any CPU
		{FDDE4411-1D86-4C20-B5D9-F05F7D6D1E8B}.Debug|Any CPU.ActiveCfg = Debug|Any CPU
		{FDDE4411-1D86-4C20-B5D9-F05F7D6D1E8B}.Debug|Any CPU.Build.0 = Debug|Any CPU
		{FDDE4411-1D86-4C20-B5D9-F05F7D6D1E8B}.Release|Any CPU.ActiveCfg = Release|Any CPU
		{FDDE4411-1D86-4C20-B5D9-F05F7D6D1E8B}.Release|Any CPU.Build.0 = Release|Any CPU
		{EF638358-53EB-47DE-9DAA-7B632AAE0E73}.Debug|Any CPU.ActiveCfg = Debug|Any CPU
		{EF638358-53EB-47DE-9DAA-7B632AAE0E73}.Debug|Any CPU.Build.0 = Debug|Any CPU
		{EF638358-53EB-47DE-9DAA-7B632AAE0E73}.Release|Any CPU.ActiveCfg = Release|Any CPU
		{EF638358-53EB-47DE-9DAA-7B632AAE0E73}.Release|Any CPU.Build.0 = Release|Any CPU
	EndGlobalSection
	GlobalSection(SolutionProperties) = preSolution
		HideSolutionNode = FALSE
	EndGlobalSection
	GlobalSection(ExtensibilityGlobals) = postSolution
		SolutionGuid = {BE63FDB8-E8FF-4D34-9667-578E57BDB272}
	EndGlobalSection
EndGlobal
